{
    "version": 3,
    "terraform_version": "0.10.7",
    "serial": 9,
    "lineage": "0d9ac97d-965a-40c0-a92d-6d202faca41e",
    "modules": [
        {
            "path": [
                "root"
            ],
            "outputs": {},
            "resources": {
                "aws_instance.myapp": {
                    "type": "aws_instance",
                    "depends_on": [
                        "aws_key_pair.keypair",
                        "aws_security_group.iac-demo-egress",
                        "aws_security_group.iac-demo-ssh",
                        "data.aws_ami.ubuntu",
                        "data.template_file.user-data",
                        "module.vpc"
                    ],
                    "primary": {
                        "id": "i-086398060052daf67",
                        "attributes": {
                            "ami": "ami-eed00d97",
                            "associate_public_ip_address": "true",
                            "availability_zone": "eu-west-1a",
                            "disable_api_termination": "false",
                            "ebs_block_device.#": "0",
                            "ebs_optimized": "false",
                            "ephemeral_block_device.#": "0",
                            "iam_instance_profile": "",
                            "id": "i-086398060052daf67",
                            "instance_state": "running",
                            "instance_type": "t2.micro",
                            "ipv6_addresses.#": "0",
                            "key_name": "iac-demo-test",
                            "monitoring": "false",
                            "network_interface.#": "0",
                            "network_interface_id": "eni-15de4d39",
                            "primary_network_interface_id": "eni-15de4d39",
                            "private_dns": "ip-10-0-1-200.eu-west-1.compute.internal",
                            "private_ip": "10.0.1.200",
                            "public_dns": "ec2-54-171-26-50.eu-west-1.compute.amazonaws.com",
                            "public_ip": "54.171.26.50",
                            "root_block_device.#": "1",
                            "root_block_device.0.delete_on_termination": "true",
                            "root_block_device.0.iops": "0",
                            "root_block_device.0.volume_size": "10",
                            "root_block_device.0.volume_type": "standard",
                            "security_groups.#": "0",
                            "source_dest_check": "true",
                            "subnet_id": "subnet-30e1a657",
                            "tags.%": "3",
                            "tags.Env": "test",
                            "tags.Name": "myapp-test",
                            "tags.Role": "app",
                            "tenancy": "default",
                            "user_data": "fb2a560f9093f8ac30cad02a40180f9d0c6a319b",
                            "volume_tags.%": "0",
                            "vpc_security_group_ids.#": "2",
                            "vpc_security_group_ids.1866014226": "sg-fbfa1880",
                            "vpc_security_group_ids.2355523124": "sg-f8c72583"
                        },
                        "meta": {
                            "e2bfb730-ecaa-11e6-8f88-34363bc7c4c0": {
                                "create": 600000000000,
                                "delete": 600000000000,
                                "update": 600000000000
                            },
                            "schema_version": "1"
                        },
                        "tainted": false
                    },
                    "deposed": [],
                    "provider": ""
                },
                "aws_key_pair.keypair": {
                    "type": "aws_key_pair",
                    "depends_on": [],
                    "primary": {
                        "id": "iac-demo-test",
                        "attributes": {
                            "fingerprint": "19:47:d9:cb:31:4e:23:99:77:0a:e9:7a:0e:bd:ce:4f",
                            "id": "iac-demo-test",
                            "key_name": "iac-demo-test",
                            "public_key": "ssh-rsa AAAAB3NzaC1yc2EAAAADAQABAAABAQDJ9lFVhHjWKCuiXnG1HBxYZKaW9C5EynqrjWbSNBg9RNViybSiGrjpLW/Uz3+6+nXsK4Syj6OyaGNK6OJjNMdKe/iqbcgM928JSUmxXKgQQKSCSoy9UQj1wq38THrVwyhXiQCL9WkkYAeRnDZMRr+UFP9VuhijjyoAadXkcIxolhO0nZ4yWKn8RtCObkfz2qJ5EMZTdfgk7/bQ0GGt3HUycQyZxwqXO/u7QuMAh7/joqKaxHYWsFG+6nG19jGxaBK0IY+z+UVWT0Uc6e92UCjMnu0zHaPp7kFxdPSr0CkM6vbEGrFdk+V4AwZvtgc1KzDPe4EbEFCLpZrsZf5A5+4Z tomasz@cloudowski.com"
                        },
                        "meta": {
                            "schema_version": "1"
                        },
                        "tainted": false
                    },
                    "deposed": [],
                    "provider": ""
                },
                "aws_security_group.iac-demo-egress": {
                    "type": "aws_security_group",
                    "depends_on": [
                        "module.vpc"
                    ],
                    "primary": {
                        "id": "sg-f8c72583",
                        "attributes": {
                            "description": "Security group that allows egress over HTTP/HTTPS.",
                            "egress.#": "2",
                            "egress.2214680975.cidr_blocks.#": "1",
                            "egress.2214680975.cidr_blocks.0": "0.0.0.0/0",
                            "egress.2214680975.description": "",
                            "egress.2214680975.from_port": "80",
                            "egress.2214680975.ipv6_cidr_blocks.#": "0",
                            "egress.2214680975.prefix_list_ids.#": "0",
                            "egress.2214680975.protocol": "tcp",
                            "egress.2214680975.security_groups.#": "0",
                            "egress.2214680975.self": "false",
                            "egress.2214680975.to_port": "80",
                            "egress.2617001939.cidr_blocks.#": "1",
                            "egress.2617001939.cidr_blocks.0": "0.0.0.0/0",
                            "egress.2617001939.description": "",
                            "egress.2617001939.from_port": "443",
                            "egress.2617001939.ipv6_cidr_blocks.#": "0",
                            "egress.2617001939.prefix_list_ids.#": "0",
                            "egress.2617001939.protocol": "tcp",
                            "egress.2617001939.security_groups.#": "0",
                            "egress.2617001939.self": "false",
                            "egress.2617001939.to_port": "443",
                            "id": "sg-f8c72583",
                            "ingress.#": "0",
                            "name": "iac-demo-egress-test",
                            "owner_id": "607706165424",
                            "tags.%": "1",
                            "tags.Env": "test",
                            "vpc_id": "vpc-42dd9725"
                        },
                        "meta": {},
                        "tainted": false
                    },
                    "deposed": [],
                    "provider": ""
                },
                "aws_security_group.iac-demo-ssh": {
                    "type": "aws_security_group",
                    "depends_on": [
                        "module.vpc"
                    ],
                    "primary": {
                        "id": "sg-fbfa1880",
                        "attributes": {
                            "description": "Security group that allows public ingress over SSH.",
                            "egress.#": "0",
                            "id": "sg-fbfa1880",
                            "ingress.#": "1",
                            "ingress.447633927.cidr_blocks.#": "1",
                            "ingress.447633927.cidr_blocks.0": "89.64.1.161/32",
                            "ingress.447633927.description": "",
                            "ingress.447633927.from_port": "22",
                            "ingress.447633927.ipv6_cidr_blocks.#": "0",
                            "ingress.447633927.protocol": "tcp",
                            "ingress.447633927.security_groups.#": "0",
                            "ingress.447633927.self": "false",
                            "ingress.447633927.to_port": "22",
                            "name": "iac-demo-ssh-test",
                            "owner_id": "607706165424",
                            "tags.%": "1",
                            "tags.Env": "test",
                            "vpc_id": "vpc-42dd9725"
                        },
                        "meta": {},
                        "tainted": false
                    },
                    "deposed": [],
                    "provider": ""
                },
                "data.aws_ami.ubuntu": {
                    "type": "aws_ami",
                    "depends_on": [],
                    "primary": {
                        "id": "ami-eed00d97",
                        "attributes": {
                            "architecture": "x86_64",
                            "block_device_mappings.#": "3",
                            "block_device_mappings.1634610537.device_name": "/dev/sdb",
                            "block_device_mappings.1634610537.ebs.%": "0",
                            "block_device_mappings.1634610537.no_device": "",
                            "block_device_mappings.1634610537.virtual_name": "ephemeral0",
                            "block_device_mappings.2547816212.device_name": "/dev/sda1",
                            "block_device_mappings.2547816212.ebs.%": "6",
                            "block_device_mappings.2547816212.ebs.delete_on_termination": "true",
                            "block_device_mappings.2547816212.ebs.encrypted": "false",
                            "block_device_mappings.2547816212.ebs.iops": "0",
                            "block_device_mappings.2547816212.ebs.snapshot_id": "snap-081f2b4abff1a8f45",
                            "block_device_mappings.2547816212.ebs.volume_size": "8",
                            "block_device_mappings.2547816212.ebs.volume_type": "gp2",
                            "block_device_mappings.2547816212.no_device": "",
                            "block_device_mappings.2547816212.virtual_name": "",
                            "block_device_mappings.3850042718.device_name": "/dev/sdc",
                            "block_device_mappings.3850042718.ebs.%": "0",
                            "block_device_mappings.3850042718.no_device": "",
                            "block_device_mappings.3850042718.virtual_name": "ephemeral1",
                            "creation_date": "2017-10-13T19:37:12.000Z",
                            "description": "Canonical, Ubuntu, 16.04 LTS, amd64 xenial image build on 2017-10-11",
                            "filter.#": "4",
                            "filter.1281954306.name": "root-device-type",
                            "filter.1281954306.values.#": "1",
                            "filter.1281954306.values.0": "ebs",
                            "filter.1585153008.name": "name",
                            "filter.1585153008.values.#": "1",
                            "filter.1585153008.values.0": "ubuntu/images/hvm-ssd/ubuntu-xenial-16.04-amd64-server-*",
                            "filter.3386043752.name": "architecture",
                            "filter.3386043752.values.#": "1",
                            "filter.3386043752.values.0": "x86_64",
                            "filter.490168357.name": "virtualization-type",
                            "filter.490168357.values.#": "1",
                            "filter.490168357.values.0": "hvm",
                            "hypervisor": "xen",
                            "id": "ami-eed00d97",
                            "image_id": "ami-eed00d97",
                            "image_location": "099720109477/ubuntu/images/hvm-ssd/ubuntu-xenial-16.04-amd64-server-20171011",
                            "image_type": "machine",
                            "most_recent": "true",
                            "name": "ubuntu/images/hvm-ssd/ubuntu-xenial-16.04-amd64-server-20171011",
                            "owner_id": "099720109477",
                            "owners.#": "1",
                            "owners.0": "099720109477",
                            "product_codes.#": "0",
                            "public": "true",
                            "root_device_name": "/dev/sda1",
                            "root_device_type": "ebs",
                            "root_snapshot_id": "snap-081f2b4abff1a8f45",
                            "sriov_net_support": "simple",
                            "state": "available",
                            "state_reason.%": "2",
                            "state_reason.code": "UNSET",
                            "state_reason.message": "UNSET",
                            "tags.%": "0",
                            "virtualization_type": "hvm"
                        },
                        "meta": {},
                        "tainted": false
                    },
                    "deposed": [],
                    "provider": ""
                },
                "data.template_file.user-data": {
                    "type": "template_file",
                    "depends_on": [],
                    "primary": {
                        "id": "fabccdda5c82cbd0c18b2248869291ea81c49098cab44df0fea888bfa314791f",
                        "attributes": {
                            "id": "fabccdda5c82cbd0c18b2248869291ea81c49098cab44df0fea888bfa314791f",
                            "rendered": "#!/bin/bash\n\napt-get update\napt-get install -y python\n",
                            "template": "#!/bin/bash\n\napt-get update\napt-get install -y python\n"
                        },
                        "meta": {},
                        "tainted": false
                    },
                    "deposed": [],
                    "provider": ""
                }
            },
            "depends_on": []
        },
        {
            "path": [
                "root",
                "vpc"
            ],
            "outputs": {
                "private-subnet-ids": {
                    "sensitive": false,
                    "type": "list",
                    "value": [
                        "subnet-10e5a277",
                        "subnet-2398d16a",
                        "subnet-1a43c041"
                    ]
                },
                "public-subnet-ids": {
                    "sensitive": false,
                    "type": "list",
                    "value": [
                        "subnet-30e1a657",
                        "subnet-9790d9de",
                        "subnet-13b83b48"
                    ]
                },
                "vpc-id": {
                    "sensitive": false,
                    "type": "string",
                    "value": "vpc-42dd9725"
                }
            },
            "resources": {
                "aws_eip.eip.0": {
                    "type": "aws_eip",
                    "depends_on": [
                        "data.aws_availability_zones.available"
                    ],
                    "primary": {
                        "id": "eipalloc-9fd2d1a5",
                        "attributes": {
                            "association_id": "eipassoc-39ba1505",
                            "domain": "vpc",
                            "id": "eipalloc-9fd2d1a5",
                            "instance": "",
                            "network_interface": "eni-2338a80f",
                            "private_ip": "10.0.1.232",
                            "public_ip": "52.215.35.171",
                            "vpc": "true"
                        },
                        "meta": {},
                        "tainted": false
                    },
                    "deposed": [],
                    "provider": ""
                },
                "aws_eip.eip.1": {
                    "type": "aws_eip",
                    "depends_on": [
                        "data.aws_availability_zones.available"
                    ],
                    "primary": {
                        "id": "eipalloc-47d1d27d",
                        "attributes": {
                            "association_id": "eipassoc-1abc1326",
                            "domain": "vpc",
                            "id": "eipalloc-47d1d27d",
                            "instance": "",
                            "network_interface": "eni-c3de6cfd",
                            "private_ip": "10.0.2.231",
                            "public_ip": "34.240.92.172",
                            "vpc": "true"
                        },
                        "meta": {},
                        "tainted": false
                    },
                    "deposed": [],
                    "provider": ""
                },
                "aws_eip.eip.2": {
                    "type": "aws_eip",
                    "depends_on": [
                        "data.aws_availability_zones.available"
                    ],
                    "primary": {
                        "id": "eipalloc-35d6d50f",
                        "attributes": {
                            "association_id": "eipassoc-11bf102d",
                            "domain": "vpc",
                            "id": "eipalloc-35d6d50f",
                            "instance": "",
                            "network_interface": "eni-39879638",
                            "private_ip": "10.0.3.123",
                            "public_ip": "52.214.152.211",
                            "vpc": "true"
                        },
                        "meta": {},
                        "tainted": false
                    },
                    "deposed": [],
                    "provider": ""
                },
                "aws_internet_gateway.igw": {
                    "type": "aws_internet_gateway",
                    "depends_on": [
                        "aws_vpc.vpc"
                    ],
                    "primary": {
                        "id": "igw-54d0cd30",
                        "attributes": {
                            "id": "igw-54d0cd30",
                            "tags.%": "2",
                            "tags.CodeVersion": "latest",
                            "tags.Name": "iac-demo-test IGW",
                            "vpc_id": "vpc-42dd9725"
                        },
                        "meta": {},
                        "tainted": false
                    },
                    "deposed": [],
                    "provider": ""
                },
                "aws_nat_gateway.nat.0": {
                    "type": "aws_nat_gateway",
                    "depends_on": [
                        "aws_eip.eip.*",
                        "aws_subnet.pub.*",
                        "data.aws_availability_zones.available"
                    ],
                    "primary": {
                        "id": "nat-03bc32d0f38975e77",
                        "attributes": {
                            "allocation_id": "eipalloc-9fd2d1a5",
                            "id": "nat-03bc32d0f38975e77",
                            "network_interface_id": "eni-2338a80f",
                            "private_ip": "10.0.1.232",
                            "public_ip": "52.215.35.171",
                            "subnet_id": "subnet-30e1a657",
                            "tags.%": "0"
                        },
                        "meta": {},
                        "tainted": false
                    },
                    "deposed": [],
                    "provider": ""
                },
                "aws_nat_gateway.nat.1": {
                    "type": "aws_nat_gateway",
                    "depends_on": [
                        "aws_eip.eip.*",
                        "aws_subnet.pub.*",
                        "data.aws_availability_zones.available"
                    ],
                    "primary": {
                        "id": "nat-0ad3d470db8d4fbfd",
                        "attributes": {
                            "allocation_id": "eipalloc-47d1d27d",
                            "id": "nat-0ad3d470db8d4fbfd",
                            "network_interface_id": "eni-c3de6cfd",
                            "private_ip": "10.0.2.231",
                            "public_ip": "34.240.92.172",
                            "subnet_id": "subnet-9790d9de",
                            "tags.%": "0"
                        },
                        "meta": {},
                        "tainted": false
                    },
                    "deposed": [],
                    "provider": ""
                },
                "aws_nat_gateway.nat.2": {
                    "type": "aws_nat_gateway",
                    "depends_on": [
                        "aws_eip.eip.*",
                        "aws_subnet.pub.*",
                        "data.aws_availability_zones.available"
                    ],
                    "primary": {
                        "id": "nat-0258d78a7d1095e8d",
                        "attributes": {
                            "allocation_id": "eipalloc-35d6d50f",
                            "id": "nat-0258d78a7d1095e8d",
                            "network_interface_id": "eni-39879638",
                            "private_ip": "10.0.3.123",
                            "public_ip": "52.214.152.211",
                            "subnet_id": "subnet-13b83b48",
                            "tags.%": "0"
                        },
                        "meta": {},
                        "tainted": false
                    },
                    "deposed": [],
                    "provider": ""
                },
                "aws_route.private.0": {
                    "type": "aws_route",
                    "depends_on": [
                        "aws_nat_gateway.nat.*",
                        "aws_route_table.private.*",
                        "data.aws_availability_zones.available"
                    ],
                    "primary": {
                        "id": "r-rtb-bf42c7d91080289494",
                        "attributes": {
                            "destination_cidr_block": "0.0.0.0/0",
                            "destination_prefix_list_id": "",
                            "egress_only_gateway_id": "",
                            "gateway_id": "",
                            "id": "r-rtb-bf42c7d91080289494",
                            "instance_id": "",
                            "instance_owner_id": "",
                            "nat_gateway_id": "nat-03bc32d0f38975e77",
                            "network_interface_id": "",
                            "origin": "CreateRoute",
                            "route_table_id": "rtb-bf42c7d9",
                            "state": "active",
                            "vpc_peering_connection_id": ""
                        },
                        "meta": {},
                        "tainted": false
                    },
                    "deposed": [],
                    "provider": ""
                },
                "aws_route.private.1": {
                    "type": "aws_route",
                    "depends_on": [
                        "aws_nat_gateway.nat.*",
                        "aws_route_table.private.*",
                        "data.aws_availability_zones.available"
                    ],
                    "primary": {
                        "id": "r-rtb-c54dc8a31080289494",
                        "attributes": {
                            "destination_cidr_block": "0.0.0.0/0",
                            "destination_prefix_list_id": "",
                            "egress_only_gateway_id": "",
                            "gateway_id": "",
                            "id": "r-rtb-c54dc8a31080289494",
                            "instance_id": "",
                            "instance_owner_id": "",
                            "nat_gateway_id": "nat-0ad3d470db8d4fbfd",
                            "network_interface_id": "",
                            "origin": "CreateRoute",
                            "route_table_id": "rtb-c54dc8a3",
                            "state": "active",
                            "vpc_peering_connection_id": ""
                        },
                        "meta": {},
                        "tainted": false
                    },
                    "deposed": [],
                    "provider": ""
                },
                "aws_route.private.2": {
                    "type": "aws_route",
                    "depends_on": [
                        "aws_nat_gateway.nat.*",
                        "aws_route_table.private.*",
                        "data.aws_availability_zones.available"
                    ],
                    "primary": {
                        "id": "r-rtb-7242c7141080289494",
                        "attributes": {
                            "destination_cidr_block": "0.0.0.0/0",
                            "destination_prefix_list_id": "",
                            "egress_only_gateway_id": "",
                            "gateway_id": "",
                            "id": "r-rtb-7242c7141080289494",
                            "instance_id": "",
                            "instance_owner_id": "",
                            "nat_gateway_id": "nat-0258d78a7d1095e8d",
                            "network_interface_id": "",
                            "origin": "CreateRoute",
                            "route_table_id": "rtb-7242c714",
                            "state": "active",
                            "vpc_peering_connection_id": ""
                        },
                        "meta": {},
                        "tainted": false
                    },
                    "deposed": [],
                    "provider": ""
                },
                "aws_route_table.private.0": {
                    "type": "aws_route_table",
                    "depends_on": [
                        "aws_vpc.vpc",
                        "data.aws_availability_zones.available"
                    ],
                    "primary": {
                        "id": "rtb-bf42c7d9",
                        "attributes": {
                            "id": "rtb-bf42c7d9",
                            "propagating_vgws.#": "0",
                            "route.#": "1",
                            "route.732207662.cidr_block": "0.0.0.0/0",
                            "route.732207662.egress_only_gateway_id": "",
                            "route.732207662.gateway_id": "",
                            "route.732207662.instance_id": "",
                            "route.732207662.ipv6_cidr_block": "",
                            "route.732207662.nat_gateway_id": "nat-03bc32d0f38975e77",
                            "route.732207662.network_interface_id": "",
                            "route.732207662.vpc_peering_connection_id": "",
                            "tags.%": "2",
                            "tags.CodeVersion": "latest",
                            "tags.Name": "private-rt-iac-demo-test",
                            "vpc_id": "vpc-42dd9725"
                        },
                        "meta": {},
                        "tainted": false
                    },
                    "deposed": [],
                    "provider": ""
                },
                "aws_route_table.private.1": {
                    "type": "aws_route_table",
                    "depends_on": [
                        "aws_vpc.vpc",
                        "data.aws_availability_zones.available"
                    ],
                    "primary": {
                        "id": "rtb-c54dc8a3",
                        "attributes": {
                            "id": "rtb-c54dc8a3",
                            "propagating_vgws.#": "0",
                            "route.#": "1",
                            "route.2188097864.cidr_block": "0.0.0.0/0",
                            "route.2188097864.egress_only_gateway_id": "",
                            "route.2188097864.gateway_id": "",
                            "route.2188097864.instance_id": "",
                            "route.2188097864.ipv6_cidr_block": "",
                            "route.2188097864.nat_gateway_id": "nat-0ad3d470db8d4fbfd",
                            "route.2188097864.network_interface_id": "",
                            "route.2188097864.vpc_peering_connection_id": "",
                            "tags.%": "2",
                            "tags.CodeVersion": "latest",
                            "tags.Name": "private-rt-iac-demo-test",
                            "vpc_id": "vpc-42dd9725"
                        },
                        "meta": {},
                        "tainted": false
                    },
                    "deposed": [],
                    "provider": ""
                },
                "aws_route_table.private.2": {
                    "type": "aws_route_table",
                    "depends_on": [
                        "aws_vpc.vpc",
                        "data.aws_availability_zones.available"
                    ],
                    "primary": {
                        "id": "rtb-7242c714",
                        "attributes": {
                            "id": "rtb-7242c714",
                            "propagating_vgws.#": "0",
                            "route.#": "1",
                            "route.1100056797.cidr_block": "0.0.0.0/0",
                            "route.1100056797.egress_only_gateway_id": "",
                            "route.1100056797.gateway_id": "",
                            "route.1100056797.instance_id": "",
                            "route.1100056797.ipv6_cidr_block": "",
                            "route.1100056797.nat_gateway_id": "nat-0258d78a7d1095e8d",
                            "route.1100056797.network_interface_id": "",
                            "route.1100056797.vpc_peering_connection_id": "",
                            "tags.%": "2",
                            "tags.CodeVersion": "latest",
                            "tags.Name": "private-rt-iac-demo-test",
                            "vpc_id": "vpc-42dd9725"
                        },
                        "meta": {},
                        "tainted": false
                    },
                    "deposed": [],
                    "provider": ""
                },
                "aws_route_table.public": {
                    "type": "aws_route_table",
                    "depends_on": [
                        "aws_internet_gateway.igw",
                        "aws_vpc.vpc"
                    ],
                    "primary": {
                        "id": "rtb-c24dc8a4",
                        "attributes": {
                            "id": "rtb-c24dc8a4",
                            "propagating_vgws.#": "0",
                            "route.#": "1",
                            "route.3924036566.cidr_block": "0.0.0.0/0",
                            "route.3924036566.egress_only_gateway_id": "",
                            "route.3924036566.gateway_id": "igw-54d0cd30",
                            "route.3924036566.instance_id": "",
                            "route.3924036566.ipv6_cidr_block": "",
                            "route.3924036566.nat_gateway_id": "",
                            "route.3924036566.network_interface_id": "",
                            "route.3924036566.vpc_peering_connection_id": "",
                            "tags.%": "2",
                            "tags.CodeVersion": "latest",
                            "tags.Name": "public-rt-iac-demo-test",
                            "vpc_id": "vpc-42dd9725"
                        },
                        "meta": {},
                        "tainted": false
                    },
                    "deposed": [],
                    "provider": ""
                },
                "aws_route_table_association.prv-subnet.0": {
                    "type": "aws_route_table_association",
                    "depends_on": [
                        "aws_route_table.private.*",
                        "aws_subnet.prv.*",
                        "data.aws_availability_zones.available"
                    ],
                    "primary": {
                        "id": "rtbassoc-eee67b97",
                        "attributes": {
                            "id": "rtbassoc-eee67b97",
                            "route_table_id": "rtb-bf42c7d9",
                            "subnet_id": "subnet-10e5a277"
                        },
                        "meta": {},
                        "tainted": false
                    },
                    "deposed": [],
                    "provider": ""
                },
                "aws_route_table_association.prv-subnet.1": {
                    "type": "aws_route_table_association",
                    "depends_on": [
                        "aws_route_table.private.*",
                        "aws_subnet.prv.*",
                        "data.aws_availability_zones.available"
                    ],
                    "primary": {
                        "id": "rtbassoc-11e47968",
                        "attributes": {
                            "id": "rtbassoc-11e47968",
                            "route_table_id": "rtb-c54dc8a3",
                            "subnet_id": "subnet-2398d16a"
                        },
                        "meta": {},
                        "tainted": false
                    },
                    "deposed": [],
                    "provider": ""
                },
                "aws_route_table_association.prv-subnet.2": {
                    "type": "aws_route_table_association",
                    "depends_on": [
                        "aws_route_table.private.*",
                        "aws_subnet.prv.*",
                        "data.aws_availability_zones.available"
                    ],
                    "primary": {
                        "id": "rtbassoc-b6e17ccf",
                        "attributes": {
                            "id": "rtbassoc-b6e17ccf",
                            "route_table_id": "rtb-7242c714",
                            "subnet_id": "subnet-1a43c041"
                        },
                        "meta": {},
                        "tainted": false
                    },
                    "deposed": [],
                    "provider": ""
                },
                "aws_route_table_association.pub-subnet.0": {
                    "type": "aws_route_table_association",
                    "depends_on": [
                        "aws_route_table.public",
                        "aws_subnet.pub.*",
                        "data.aws_availability_zones.available"
                    ],
                    "primary": {
                        "id": "rtbassoc-e1e57898",
                        "attributes": {
                            "id": "rtbassoc-e1e57898",
                            "route_table_id": "rtb-c24dc8a4",
                            "subnet_id": "subnet-30e1a657"
                        },
                        "meta": {},
                        "tainted": false
                    },
                    "deposed": [],
                    "provider": ""
                },
                "aws_route_table_association.pub-subnet.1": {
                    "type": "aws_route_table_association",
                    "depends_on": [
                        "aws_route_table.public",
                        "aws_subnet.pub.*",
                        "data.aws_availability_zones.available"
                    ],
                    "primary": {
                        "id": "rtbassoc-bfe974c6",
                        "attributes": {
                            "id": "rtbassoc-bfe974c6",
                            "route_table_id": "rtb-c24dc8a4",
                            "subnet_id": "subnet-9790d9de"
                        },
                        "meta": {},
                        "tainted": false
                    },
                    "deposed": [],
                    "provider": ""
                },
                "aws_route_table_association.pub-subnet.2": {
                    "type": "aws_route_table_association",
                    "depends_on": [
                        "aws_route_table.public",
                        "aws_subnet.pub.*",
                        "data.aws_availability_zones.available"
                    ],
                    "primary": {
                        "id": "rtbassoc-bfef72c6",
                        "attributes": {
                            "id": "rtbassoc-bfef72c6",
                            "route_table_id": "rtb-c24dc8a4",
                            "subnet_id": "subnet-13b83b48"
                        },
                        "meta": {},
                        "tainted": false
                    },
                    "deposed": [],
                    "provider": ""
                },
                "aws_subnet.prv.0": {
                    "type": "aws_subnet",
                    "depends_on": [
                        "aws_vpc.vpc",
                        "data.aws_availability_zones.available"
                    ],
                    "primary": {
                        "id": "subnet-10e5a277",
                        "attributes": {
                            "assign_ipv6_address_on_creation": "false",
                            "availability_zone": "eu-west-1a",
                            "cidr_block": "10.0.101.0/24",
                            "id": "subnet-10e5a277",
                            "map_public_ip_on_launch": "false",
                            "tags.%": "2",
                            "tags.CodeVersion": "latest",
                            "tags.Name": "prv-eu-west-1a-iac-demo-test",
                            "vpc_id": "vpc-42dd9725"
                        },
                        "meta": {
                            "schema_version": "1"
                        },
                        "tainted": false
                    },
                    "deposed": [],
                    "provider": ""
                },
                "aws_subnet.prv.1": {
                    "type": "aws_subnet",
                    "depends_on": [
                        "aws_vpc.vpc",
                        "data.aws_availability_zones.available"
                    ],
                    "primary": {
                        "id": "subnet-2398d16a",
                        "attributes": {
                            "assign_ipv6_address_on_creation": "false",
                            "availability_zone": "eu-west-1b",
                            "cidr_block": "10.0.102.0/24",
                            "id": "subnet-2398d16a",
                            "map_public_ip_on_launch": "false",
                            "tags.%": "2",
                            "tags.CodeVersion": "latest",
                            "tags.Name": "prv-eu-west-1b-iac-demo-test",
                            "vpc_id": "vpc-42dd9725"
                        },
                        "meta": {
                            "schema_version": "1"
                        },
                        "tainted": false
                    },
                    "deposed": [],
                    "provider": ""
                },
                "aws_subnet.prv.2": {
                    "type": "aws_subnet",
                    "depends_on": [
                        "aws_vpc.vpc",
                        "data.aws_availability_zones.available"
                    ],
                    "primary": {
                        "id": "subnet-1a43c041",
                        "attributes": {
                            "assign_ipv6_address_on_creation": "false",
                            "availability_zone": "eu-west-1c",
                            "cidr_block": "10.0.103.0/24",
                            "id": "subnet-1a43c041",
                            "map_public_ip_on_launch": "false",
                            "tags.%": "2",
                            "tags.CodeVersion": "latest",
                            "tags.Name": "prv-eu-west-1c-iac-demo-test",
                            "vpc_id": "vpc-42dd9725"
                        },
                        "meta": {
                            "schema_version": "1"
                        },
                        "tainted": false
                    },
                    "deposed": [],
                    "provider": ""
                },
                "aws_subnet.pub.0": {
                    "type": "aws_subnet",
                    "depends_on": [
                        "aws_internet_gateway.igw",
                        "aws_vpc.vpc",
                        "data.aws_availability_zones.available"
                    ],
                    "primary": {
                        "id": "subnet-30e1a657",
                        "attributes": {
                            "assign_ipv6_address_on_creation": "false",
                            "availability_zone": "eu-west-1a",
                            "cidr_block": "10.0.1.0/24",
                            "id": "subnet-30e1a657",
                            "map_public_ip_on_launch": "true",
                            "tags.%": "2",
                            "tags.CodeVersion": "latest",
                            "tags.Name": "pub-eu-west-1a-iac-demo-test",
                            "vpc_id": "vpc-42dd9725"
                        },
                        "meta": {
                            "schema_version": "1"
                        },
                        "tainted": false
                    },
                    "deposed": [],
                    "provider": ""
                },
                "aws_subnet.pub.1": {
                    "type": "aws_subnet",
                    "depends_on": [
                        "aws_internet_gateway.igw",
                        "aws_vpc.vpc",
                        "data.aws_availability_zones.available"
                    ],
                    "primary": {
                        "id": "subnet-9790d9de",
                        "attributes": {
                            "assign_ipv6_address_on_creation": "false",
                            "availability_zone": "eu-west-1b",
                            "cidr_block": "10.0.2.0/24",
                            "id": "subnet-9790d9de",
                            "map_public_ip_on_launch": "true",
                            "tags.%": "2",
                            "tags.CodeVersion": "latest",
                            "tags.Name": "pub-eu-west-1b-iac-demo-test",
                            "vpc_id": "vpc-42dd9725"
                        },
                        "meta": {
                            "schema_version": "1"
                        },
                        "tainted": false
                    },
                    "deposed": [],
                    "provider": ""
                },
                "aws_subnet.pub.2": {
                    "type": "aws_subnet",
                    "depends_on": [
                        "aws_internet_gateway.igw",
                        "aws_vpc.vpc",
                        "data.aws_availability_zones.available"
                    ],
                    "primary": {
                        "id": "subnet-13b83b48",
                        "attributes": {
                            "assign_ipv6_address_on_creation": "false",
                            "availability_zone": "eu-west-1c",
                            "cidr_block": "10.0.3.0/24",
                            "id": "subnet-13b83b48",
                            "map_public_ip_on_launch": "true",
                            "tags.%": "2",
                            "tags.CodeVersion": "latest",
                            "tags.Name": "pub-eu-west-1c-iac-demo-test",
                            "vpc_id": "vpc-42dd9725"
                        },
                        "meta": {
                            "schema_version": "1"
                        },
                        "tainted": false
                    },
                    "deposed": [],
                    "provider": ""
                },
                "aws_vpc.vpc": {
                    "type": "aws_vpc",
                    "depends_on": [],
                    "primary": {
                        "id": "vpc-42dd9725",
                        "attributes": {
                            "assign_generated_ipv6_cidr_block": "false",
                            "cidr_block": "10.0.0.0/16",
                            "default_network_acl_id": "acl-02fc1464",
                            "default_route_table_id": "rtb-6e41c408",
                            "default_security_group_id": "sg-80f311fb",
                            "dhcp_options_id": "dopt-30bea354",
                            "enable_classiclink": "false",
                            "enable_classiclink_dns_support": "false",
                            "enable_dns_hostnames": "true",
                            "enable_dns_support": "true",
                            "id": "vpc-42dd9725",
                            "instance_tenancy": "default",
                            "main_route_table_id": "rtb-6e41c408",
                            "tags.%": "2",
                            "tags.CodeVersion": "latest",
                            "tags.Name": "iac-demo-test"
                        },
                        "meta": {
                            "schema_version": "1"
                        },
                        "tainted": false
                    },
                    "deposed": [],
                    "provider": ""
                },
                "data.aws_availability_zones.available": {
                    "type": "aws_availability_zones",
                    "depends_on": [],
                    "primary": {
                        "id": "2017-10-17 15:22:13.343322 +0000 UTC",
                        "attributes": {
                            "id": "2017-10-17 15:22:13.343322 +0000 UTC",
                            "names.#": "3",
                            "names.0": "eu-west-1a",
                            "names.1": "eu-west-1b",
                            "names.2": "eu-west-1c"
                        },
                        "meta": {},
                        "tainted": false
                    },
                    "deposed": [],
                    "provider": ""
                }
            },
            "depends_on": []
        }
    ]
}
